<?xml version="1.0" encoding="utf-8"?>
<Project ToolsVersion="4.0" xmlns="http://schemas.microsoft.com/developer/msbuild/2003">
  <ItemGroup>
    <Filter Include="lib">
      <UniqueIdentifier>{2739B19F-16DF-601C-060A-FF86F6A40045}</UniqueIdentifier>
    </Filter>
    <Filter Include="lib\assimp">
      <UniqueIdentifier>{2C650FED-0C28-7D5E-E819-9EDA87F3AE87}</UniqueIdentifier>
    </Filter>
    <Filter Include="lib\assimp\code">
      <UniqueIdentifier>{AAB9748B-7F78-2868-73F9-3D157EBB12A8}</UniqueIdentifier>
    </Filter>
    <Filter Include="lib">
      <UniqueIdentifier>{2739B19F-16DF-601C-060A-FF86F6A40045}</UniqueIdentifier>
    </Filter>
    <Filter Include="lib\assimp">
      <UniqueIdentifier>{2C650FED-0C28-7D5E-E819-9EDA87F3AE87}</UniqueIdentifier>
    </Filter>
    <Filter Include="lib\assimp\code">
      <UniqueIdentifier>{AAB9748B-7F78-2868-73F9-3D157EBB12A8}</UniqueIdentifier>
    </Filter>
    <Filter Include="lib">
      <UniqueIdentifier>{2739B19F-16DF-601C-060A-FF86F6A40045}</UniqueIdentifier>
    </Filter>
    <Filter Include="lib\assimp">
      <UniqueIdentifier>{2C650FED-0C28-7D5E-E819-9EDA87F3AE87}</UniqueIdentifier>
    </Filter>
    <Filter Include="lib\assimp\code">
      <UniqueIdentifier>{AAB9748B-7F78-2868-73F9-3D157EBB12A8}</UniqueIdentifier>
    </Filter>
    <Filter Include="lib">
      <UniqueIdentifier>{2739B19F-16DF-601C-060A-FF86F6A40045}</UniqueIdentifier>
    </Filter>
    <Filter Include="lib\assimp">
      <UniqueIdentifier>{2C650FED-0C28-7D5E-E819-9EDA87F3AE87}</UniqueIdentifier>
    </Filter>
    <Filter Include="lib\assimp\code">
      <UniqueIdentifier>{AAB9748B-7F78-2868-73F9-3D157EBB12A8}</UniqueIdentifier>
    </Filter>
    <Filter Include="lib">
      <UniqueIdentifier>{2739B19F-16DF-601C-060A-FF86F6A40045}</UniqueIdentifier>
    </Filter>
    <Filter Include="lib\assimp">
      <UniqueIdentifier>{2C650FED-0C28-7D5E-E819-9EDA87F3AE87}</UniqueIdentifier>
    </Filter>
    <Filter Include="lib\assimp\code">
      <UniqueIdentifier>{AAB9748B-7F78-2868-73F9-3D157EBB12A8}</UniqueIdentifier>
    </Filter>
    <Filter Include="lib">
      <UniqueIdentifier>{2739B19F-16DF-601C-060A-FF86F6A40045}</UniqueIdentifier>
    </Filter>
    <Filter Include="lib\assimp">
      <UniqueIdentifier>{2C650FED-0C28-7D5E-E819-9EDA87F3AE87}</UniqueIdentifier>
    </Filter>
    <Filter Include="lib\assimp\code">
      <UniqueIdentifier>{AAB9748B-7F78-2868-73F9-3D157EBB12A8}</UniqueIdentifier>
    </Filter>
    <Filter Include="lib">
      <UniqueIdentifier>{2739B19F-16DF-601C-060A-FF86F6A40045}</UniqueIdentifier>
    </Filter>
    <Filter Include="lib\assimp">
      <UniqueIdentifier>{2C650FED-0C28-7D5E-E819-9EDA87F3AE87}</UniqueIdentifier>
    </Filter>
    <Filter Include="lib\assimp\code">
      <UniqueIdentifier>{AAB9748B-7F78-2868-73F9-3D157EBB12A8}</UniqueIdentifier>
    </Filter>
    <Filter Include="lib">
      <UniqueIdentifier>{2739B19F-16DF-601C-060A-FF86F6A40045}</UniqueIdentifier>
    </Filter>
    <Filter Include="lib\assimp">
      <UniqueIdentifier>{2C650FED-0C28-7D5E-E819-9EDA87F3AE87}</UniqueIdentifier>
    </Filter>
    <Filter Include="lib\assimp\code">
      <UniqueIdentifier>{AAB9748B-7F78-2868-73F9-3D157EBB12A8}</UniqueIdentifier>
    </Filter>
    <Filter Include="lib">
      <UniqueIdentifier>{2739B19F-16DF-601C-060A-FF86F6A40045}</UniqueIdentifier>
    </Filter>
    <Filter Include="lib\assimp">
      <UniqueIdentifier>{2C650FED-0C28-7D5E-E819-9EDA87F3AE87}</UniqueIdentifier>
    </Filter>
    <Filter Include="lib\assimp\code">
      <UniqueIdentifier>{AAB9748B-7F78-2868-73F9-3D157EBB12A8}</UniqueIdentifier>
    </Filter>
    <Filter Include="lib">
      <UniqueIdentifier>{2739B19F-16DF-601C-060A-FF86F6A40045}</UniqueIdentifier>
    </Filter>
    <Filter Include="lib\assimp">
      <UniqueIdentifier>{2C650FED-0C28-7D5E-E819-9EDA87F3AE87}</UniqueIdentifier>
    </Filter>
    <Filter Include="lib\assimp\code">
      <UniqueIdentifier>{AAB9748B-7F78-2868-73F9-3D157EBB12A8}</UniqueIdentifier>
    </Filter>
    <Filter Include="lib">
      <UniqueIdentifier>{2739B19F-16DF-601C-060A-FF86F6A40045}</UniqueIdentifier>
    </Filter>
    <Filter Include="lib\assimp">
      <UniqueIdentifier>{2C650FED-0C28-7D5E-E819-9EDA87F3AE87}</UniqueIdentifier>
    </Filter>
    <Filter Include="lib\assimp\code">
      <UniqueIdentifier>{AAB9748B-7F78-2868-73F9-3D157EBB12A8}</UniqueIdentifier>
    </Filter>
    <Filter Include="lib">
      <UniqueIdentifier>{2739B19F-16DF-601C-060A-FF86F6A40045}</UniqueIdentifier>
    </Filter>
    <Filter Include="lib\assimp">
      <UniqueIdentifier>{2C650FED-0C28-7D5E-E819-9EDA87F3AE87}</UniqueIdentifier>
    </Filter>
    <Filter Include="lib\assimp\code">
      <UniqueIdentifier>{AAB9748B-7F78-2868-73F9-3D157EBB12A8}</UniqueIdentifier>
    </Filter>
    <Filter Include="lib">
      <UniqueIdentifier>{2739B19F-16DF-601C-060A-FF86F6A40045}</UniqueIdentifier>
    </Filter>
    <Filter Include="lib\assimp">
      <UniqueIdentifier>{2C650FED-0C28-7D5E-E819-9EDA87F3AE87}</UniqueIdentifier>
    </Filter>
    <Filter Include="lib\assimp\code">
      <UniqueIdentifier>{AAB9748B-7F78-2868-73F9-3D157EBB12A8}</UniqueIdentifier>
    </Filter>
    <Filter Include="lib">
      <UniqueIdentifier>{2739B19F-16DF-601C-060A-FF86F6A40045}</UniqueIdentifier>
    </Filter>
    <Filter Include="lib\assimp">
      <UniqueIdentifier>{2C650FED-0C28-7D5E-E819-9EDA87F3AE87}</UniqueIdentifier>
    </Filter>
    <Filter Include="lib\assimp\code">
      <UniqueIdentifier>{AAB9748B-7F78-2868-73F9-3D157EBB12A8}</UniqueIdentifier>
    </Filter>
    <Filter Include="lib">
      <UniqueIdentifier>{2739B19F-16DF-601C-060A-FF86F6A40045}</UniqueIdentifier>
    </Filter>
    <Filter Include="lib\assimp">
      <UniqueIdentifier>{2C650FED-0C28-7D5E-E819-9EDA87F3AE87}</UniqueIdentifier>
    </Filter>
    <Filter Include="lib\assimp\code">
      <UniqueIdentifier>{AAB9748B-7F78-2868-73F9-3D157EBB12A8}</UniqueIdentifier>
    </Filter>
    <Filter Include="lib">
      <UniqueIdentifier>{2739B19F-16DF-601C-060A-FF86F6A40045}</UniqueIdentifier>
    </Filter>
    <Filter Include="lib\assimp">
      <UniqueIdentifier>{2C650FED-0C28-7D5E-E819-9EDA87F3AE87}</UniqueIdentifier>
    </Filter>
    <Filter Include="lib\assimp\code">
      <UniqueIdentifier>{AAB9748B-7F78-2868-73F9-3D157EBB12A8}</UniqueIdentifier>
    </Filter>
    <Filter Include="lib">
      <UniqueIdentifier>{2739B19F-16DF-601C-060A-FF86F6A40045}</UniqueIdentifier>
    </Filter>
    <Filter Include="lib\assimp">
      <UniqueIdentifier>{2C650FED-0C28-7D5E-E819-9EDA87F3AE87}</UniqueIdentifier>
    </Filter>
    <Filter Include="lib\assimp\code">
      <UniqueIdentifier>{AAB9748B-7F78-2868-73F9-3D157EBB12A8}</UniqueIdentifier>
    </Filter>
    <Filter Include="lib">
      <UniqueIdentifier>{2739B19F-16DF-601C-060A-FF86F6A40045}</UniqueIdentifier>
    </Filter>
    <Filter Include="lib\assimp">
      <UniqueIdentifier>{2C650FED-0C28-7D5E-E819-9EDA87F3AE87}</UniqueIdentifier>
    </Filter>
    <Filter Include="lib\assimp\code">
      <UniqueIdentifier>{AAB9748B-7F78-2868-73F9-3D157EBB12A8}</UniqueIdentifier>
    </Filter>
    <Filter Include="lib">
      <UniqueIdentifier>{2739B19F-16DF-601C-060A-FF86F6A40045}</UniqueIdentifier>
    </Filter>
    <Filter Include="lib\assimp">
      <UniqueIdentifier>{2C650FED-0C28-7D5E-E819-9EDA87F3AE87}</UniqueIdentifier>
    </Filter>
    <Filter Include="lib\assimp\code">
      <UniqueIdentifier>{AAB9748B-7F78-2868-73F9-3D157EBB12A8}</UniqueIdentifier>
    </Filter>
    <Filter Include="lib">
      <UniqueIdentifier>{2739B19F-16DF-601C-060A-FF86F6A40045}</UniqueIdentifier>
    </Filter>
    <Filter Include="lib\assimp">
      <UniqueIdentifier>{2C650FED-0C28-7D5E-E819-9EDA87F3AE87}</UniqueIdentifier>
    </Filter>
    <Filter Include="lib\assimp\code">
      <UniqueIdentifier>{AAB9748B-7F78-2868-73F9-3D157EBB12A8}</UniqueIdentifier>
    </Filter>
    <Filter Include="lib">
      <UniqueIdentifier>{2739B19F-16DF-601C-060A-FF86F6A40045}</UniqueIdentifier>
    </Filter>
    <Filter Include="lib\assimp">
      <UniqueIdentifier>{2C650FED-0C28-7D5E-E819-9EDA87F3AE87}</UniqueIdentifier>
    </Filter>
    <Filter Include="lib\assimp\code">
      <UniqueIdentifier>{AAB9748B-7F78-2868-73F9-3D157EBB12A8}</UniqueIdentifier>
    </Filter>
    <Filter Include="lib">
      <UniqueIdentifier>{2739B19F-16DF-601C-060A-FF86F6A40045}</UniqueIdentifier>
    </Filter>
    <Filter Include="lib\assimp">
      <UniqueIdentifier>{2C650FED-0C28-7D5E-E819-9EDA87F3AE87}</UniqueIdentifier>
    </Filter>
    <Filter Include="lib\assimp\code">
      <UniqueIdentifier>{AAB9748B-7F78-2868-73F9-3D157EBB12A8}</UniqueIdentifier>
    </Filter>
    <Filter Include="lib">
      <UniqueIdentifier>{2739B19F-16DF-601C-060A-FF86F6A40045}</UniqueIdentifier>
    </Filter>
    <Filter Include="lib\assimp">
      <UniqueIdentifier>{2C650FED-0C28-7D5E-E819-9EDA87F3AE87}</UniqueIdentifier>
    </Filter>
    <Filter Include="lib\assimp\code">
      <UniqueIdentifier>{AAB9748B-7F78-2868-73F9-3D157EBB12A8}</UniqueIdentifier>
    </Filter>
    <Filter Include="lib">
      <UniqueIdentifier>{2739B19F-16DF-601C-060A-FF86F6A40045}</UniqueIdentifier>
    </Filter>
    <Filter Include="lib\assimp">
      <UniqueIdentifier>{2C650FED-0C28-7D5E-E819-9EDA87F3AE87}</UniqueIdentifier>
    </Filter>
    <Filter Include="lib\assimp\code">
      <UniqueIdentifier>{AAB9748B-7F78-2868-73F9-3D157EBB12A8}</UniqueIdentifier>
    </Filter>
    <Filter Include="lib">
      <UniqueIdentifier>{2739B19F-16DF-601C-060A-FF86F6A40045}</UniqueIdentifier>
    </Filter>
    <Filter Include="lib\assimp">
      <UniqueIdentifier>{2C650FED-0C28-7D5E-E819-9EDA87F3AE87}</UniqueIdentifier>
    </Filter>
    <Filter Include="lib\assimp\code">
      <UniqueIdentifier>{AAB9748B-7F78-2868-73F9-3D157EBB12A8}</UniqueIdentifier>
    </Filter>
    <Filter Include="lib">
      <UniqueIdentifier>{2739B19F-16DF-601C-060A-FF86F6A40045}</UniqueIdentifier>
    </Filter>
    <Filter Include="lib\assimp">
      <UniqueIdentifier>{2C650FED-0C28-7D5E-E819-9EDA87F3AE87}</UniqueIdentifier>
    </Filter>
    <Filter Include="lib\assimp\code">
      <UniqueIdentifier>{AAB9748B-7F78-2868-73F9-3D157EBB12A8}</UniqueIdentifier>
    </Filter>
    <Filter Include="lib">
      <UniqueIdentifier>{2739B19F-16DF-601C-060A-FF86F6A40045}</UniqueIdentifier>
    </Filter>
    <Filter Include="lib\assimp">
      <UniqueIdentifier>{2C650FED-0C28-7D5E-E819-9EDA87F3AE87}</UniqueIdentifier>
    </Filter>
    <Filter Include="lib\assimp\code">
      <UniqueIdentifier>{AAB9748B-7F78-2868-73F9-3D157EBB12A8}</UniqueIdentifier>
    </Filter>
    <Filter Include="lib">
      <UniqueIdentifier>{2739B19F-16DF-601C-060A-FF86F6A40045}</UniqueIdentifier>
    </Filter>
    <Filter Include="lib\assimp">
      <UniqueIdentifier>{2C650FED-0C28-7D5E-E819-9EDA87F3AE87}</UniqueIdentifier>
    </Filter>
    <Filter Include="lib\assimp\code">
      <UniqueIdentifier>{AAB9748B-7F78-2868-73F9-3D157EBB12A8}</UniqueIdentifier>
    </Filter>
    <Filter Include="lib">
      <UniqueIdentifier>{2739B19F-16DF-601C-060A-FF86F6A40045}</UniqueIdentifier>
    </Filter>
    <Filter Include="lib\assimp">
      <UniqueIdentifier>{2C650FED-0C28-7D5E-E819-9EDA87F3AE87}</UniqueIdentifier>
    </Filter>
    <Filter Include="lib\assimp\code">
      <UniqueIdentifier>{AAB9748B-7F78-2868-73F9-3D157EBB12A8}</UniqueIdentifier>
    </Filter>
    <Filter Include="lib">
      <UniqueIdentifier>{2739B19F-16DF-601C-060A-FF86F6A40045}</UniqueIdentifier>
    </Filter>
    <Filter Include="lib\assimp">
      <UniqueIdentifier>{2C650FED-0C28-7D5E-E819-9EDA87F3AE87}</UniqueIdentifier>
    </Filter>
    <Filter Include="lib\assimp\code">
      <UniqueIdentifier>{AAB9748B-7F78-2868-73F9-3D157EBB12A8}</UniqueIdentifier>
    </Filter>
    <Filter Include="lib">
      <UniqueIdentifier>{2739B19F-16DF-601C-060A-FF86F6A40045}</UniqueIdentifier>
    </Filter>
    <Filter Include="lib\assimp">
      <UniqueIdentifier>{2C650FED-0C28-7D5E-E819-9EDA87F3AE87}</UniqueIdentifier>
    </Filter>
    <Filter Include="lib\assimp\code">
      <UniqueIdentifier>{AAB9748B-7F78-2868-73F9-3D157EBB12A8}</UniqueIdentifier>
    </Filter>
    <Filter Include="lib">
      <UniqueIdentifier>{2739B19F-16DF-601C-060A-FF86F6A40045}</UniqueIdentifier>
    </Filter>
    <Filter Include="lib\assimp">
      <UniqueIdentifier>{2C650FED-0C28-7D5E-E819-9EDA87F3AE87}</UniqueIdentifier>
    </Filter>
    <Filter Include="lib\assimp\code">
      <UniqueIdentifier>{AAB9748B-7F78-2868-73F9-3D157EBB12A8}</UniqueIdentifier>
    </Filter>
    <Filter Include="lib">
      <UniqueIdentifier>{2739B19F-16DF-601C-060A-FF86F6A40045}</UniqueIdentifier>
    </Filter>
    <Filter Include="lib\assimp">
      <UniqueIdentifier>{2C650FED-0C28-7D5E-E819-9EDA87F3AE87}</UniqueIdentifier>
    </Filter>
    <Filter Include="lib\assimp\code">
      <UniqueIdentifier>{AAB9748B-7F78-2868-73F9-3D157EBB12A8}</UniqueIdentifier>
    </Filter>
    <Filter Include="lib">
      <UniqueIdentifier>{2739B19F-16DF-601C-060A-FF86F6A40045}</UniqueIdentifier>
    </Filter>
    <Filter Include="lib\assimp">
      <UniqueIdentifier>{2C650FED-0C28-7D5E-E819-9EDA87F3AE87}</UniqueIdentifier>
    </Filter>
    <Filter Include="lib\assimp\code">
      <UniqueIdentifier>{AAB9748B-7F78-2868-73F9-3D157EBB12A8}</UniqueIdentifier>
    </Filter>
    <Filter Include="lib">
      <UniqueIdentifier>{2739B19F-16DF-601C-060A-FF86F6A40045}</UniqueIdentifier>
    </Filter>
    <Filter Include="lib\assimp">
      <UniqueIdentifier>{2C650FED-0C28-7D5E-E819-9EDA87F3AE87}</UniqueIdentifier>
    </Filter>
    <Filter Include="lib\assimp\code">
      <UniqueIdentifier>{AAB9748B-7F78-2868-73F9-3D157EBB12A8}</UniqueIdentifier>
    </Filter>
  </ItemGroup>
  <ItemGroup>
    <ClCompile Include="..\lib\assimp\code\BaseImporter.cpp">
      <Filter>lib\assimp\code</Filter>
    </ClCompile>
    <ClCompile Include="..\lib\assimp\code\BaseProcess.cpp">
      <Filter>lib\assimp\code</Filter>
    </ClCompile>
    <ClInclude Include="..\lib\assimp\code\BaseProcess.h">
      <Filter>lib\assimp\code</Filter>
    </ClInclude>
    <ClCompile Include="..\lib\assimp\code\DefaultIOStream.cpp">
      <Filter>lib\assimp\code</Filter>
    </ClCompile>
    <ClCompile Include="..\lib\assimp\code\DefaultIOSystem.cpp">
      <Filter>lib\assimp\code</Filter>
    </ClCompile>
    <ClCompile Include="..\lib\assimp\code\DefaultLogger.cpp">
      <Filter>lib\assimp\code</Filter>
    </ClCompile>
    <ClCompile Include="..\lib\assimp\code\ScenePreprocessor.cpp">
      <Filter>lib\assimp\code</Filter>
    </ClCompile>
    <ClInclude Include="..\lib\assimp\code\ScenePreprocessor.h">
      <Filter>lib\assimp\code</Filter>
    </ClInclude>
    <ClCompile Include="..\lib\assimp\code\MaterialSystem.cpp">
      <Filter>lib\assimp\code</Filter>
    </ClCompile>
    <ClInclude Include="..\lib\assimp\code\MaterialSystem.h">
      <Filter>lib\assimp\code</Filter>
    </ClInclude>
    <ClCompile Include="..\lib\assimp\code\ValidateDataStructure.cpp">
      <Filter>lib\assimp\code</Filter>
    </ClCompile>
    <ClInclude Include="..\lib\assimp\code\ValidateDataStructure.h">
      <Filter>lib\assimp\code</Filter>
    </ClInclude>
    <ClCompile Include="..\lib\assimp\code\Importer.cpp">
      <Filter>lib\assimp\code</Filter>
    </ClCompile>
    <ClCompile Include="..\lib\assimp\code\ImporterRegistry.cpp">
      <Filter>lib\assimp\code</Filter>
    </ClCompile>
    <ClCompile Include="..\lib\assimp\code\PostStepRegistry.cpp">
      <Filter>lib\assimp\code</Filter>
    </ClCompile>
    <ClCompile Include="..\lib\assimp\code\ProcessHelper.cpp">
      <Filter>lib\assimp\code</Filter>
    </ClCompile>
    <ClInclude Include="..\lib\assimp\code\ProcessHelper.h">
      <Filter>lib\assimp\code</Filter>
    </ClInclude>
    <ClCompile Include="..\lib\assimp\code\SpatialSort.cpp">
      <Filter>lib\assimp\code</Filter>
    </ClCompile>
    <ClCompile Include="..\lib\assimp\code\scene.cpp">
      <Filter>lib\assimp\code</Filter>
    </ClCompile>
    <ClCompile Include="..\lib\assimp\code\Version.cpp">
      <Filter>lib\assimp\code</Filter>
    </ClCompile>
    <ClInclude Include="..\lib\assimp\code\ObjFileData.h">
      <Filter>lib\assimp\code</Filter>
    </ClInclude>
    <ClCompile Include="..\lib\assimp\code\ObjFileImporter.cpp">
      <Filter>lib\assimp\code</Filter>
    </ClCompile>
    <ClInclude Include="..\lib\assimp\code\ObjFileImporter.h">
      <Filter>lib\assimp\code</Filter>
    </ClInclude>
    <ClCompile Include="..\lib\assimp\code\ObjFileMtlImporter.cpp">
      <Filter>lib\assimp\code</Filter>
    </ClCompile>
    <ClInclude Include="..\lib\assimp\code\ObjFileMtlImporter.h">
      <Filter>lib\assimp\code</Filter>
    </ClInclude>
    <ClCompile Include="..\lib\assimp\code\ObjFileParser.cpp">
      <Filter>lib\assimp\code</Filter>
    </ClCompile>
    <ClInclude Include="..\lib\assimp\code\ObjFileParser.h">
      <Filter>lib\assimp\code</Filter>
    </ClInclude>
    <ClInclude Include="..\lib\assimp\code\ObjTools.h">
      <Filter>lib\assimp\code</Filter>
    </ClInclude>
    <ClInclude Include="..\lib\assimp\code\glTFImporter.h">
      <Filter>lib\assimp\code</Filter>
    </ClInclude>
    <ClCompile Include="..\lib\assimp\code\glTFImporter.cpp">
      <Filter>lib\assimp\code</Filter>
    </ClCompile>
    <ClInclude Include="..\lib\assimp\code\glTF2Importer.h">
      <Filter>lib\assimp\code</Filter>
    </ClInclude>
    <ClCompile Include="..\lib\assimp\code\glTF2Importer.cpp">
      <Filter>lib\assimp\code</Filter>
    </ClCompile>
    <ClInclude Include="..\lib\assimp\code\MakeVerboseFormat.h">
      <Filter>lib\assimp\code</Filter>
    </ClInclude>
    <ClCompile Include="..\lib\assimp\code\MakeVerboseFormat.cpp">
      <Filter>lib\assimp\code</Filter>
    </ClCompile>
    <ClCompile Include="..\lib\assimp\code\CreateAnimMesh.cpp">
      <Filter>lib\assimp\code</Filter>
    </ClCompile>
    <None Include="..\stark3d.gyp"/>
  </ItemGroup>
</Project>
