<?xml version="1.0" encoding="utf-8"?>
<Project ToolsVersion="4.0" xmlns="http://schemas.microsoft.com/developer/msbuild/2003">
  <ItemGroup>
    <Filter Include="lib">
      <UniqueIdentifier>{2739B19F-16DF-601C-060A-FF86F6A40045}</UniqueIdentifier>
    </Filter>
    <Filter Include="lib\freetype">
      <UniqueIdentifier>{B8CA88D1-319B-A7AF-9169-5F1348D57504}</UniqueIdentifier>
    </Filter>
    <Filter Include="lib\freetype\include">
      <UniqueIdentifier>{57CA55B8-BCC5-4000-CE3A-58972F82E9CB}</UniqueIdentifier>
    </Filter>
    <Filter Include="lib\freetype\include\freetype">
      <UniqueIdentifier>{B8CA88D1-319B-A7AF-9169-5F1348D57504}</UniqueIdentifier>
    </Filter>
    <Filter Include="lib\freetype\include\freetype\config">
      <UniqueIdentifier>{31A163C0-193D-20CC-1C7F-55B57F22C481}</UniqueIdentifier>
    </Filter>
    <Filter Include="lib">
      <UniqueIdentifier>{2739B19F-16DF-601C-060A-FF86F6A40045}</UniqueIdentifier>
    </Filter>
    <Filter Include="lib\freetype">
      <UniqueIdentifier>{B8CA88D1-319B-A7AF-9169-5F1348D57504}</UniqueIdentifier>
    </Filter>
    <Filter Include="lib\freetype\include">
      <UniqueIdentifier>{57CA55B8-BCC5-4000-CE3A-58972F82E9CB}</UniqueIdentifier>
    </Filter>
    <Filter Include="lib\freetype\include\freetype">
      <UniqueIdentifier>{B8CA88D1-319B-A7AF-9169-5F1348D57504}</UniqueIdentifier>
    </Filter>
    <Filter Include="lib\freetype\include\freetype\config">
      <UniqueIdentifier>{31A163C0-193D-20CC-1C7F-55B57F22C481}</UniqueIdentifier>
    </Filter>
    <Filter Include="lib">
      <UniqueIdentifier>{2739B19F-16DF-601C-060A-FF86F6A40045}</UniqueIdentifier>
    </Filter>
    <Filter Include="lib\freetype">
      <UniqueIdentifier>{B8CA88D1-319B-A7AF-9169-5F1348D57504}</UniqueIdentifier>
    </Filter>
    <Filter Include="lib\freetype\include">
      <UniqueIdentifier>{57CA55B8-BCC5-4000-CE3A-58972F82E9CB}</UniqueIdentifier>
    </Filter>
    <Filter Include="lib\freetype\include\freetype">
      <UniqueIdentifier>{B8CA88D1-319B-A7AF-9169-5F1348D57504}</UniqueIdentifier>
    </Filter>
    <Filter Include="lib\freetype\include\freetype\config">
      <UniqueIdentifier>{31A163C0-193D-20CC-1C7F-55B57F22C481}</UniqueIdentifier>
    </Filter>
    <Filter Include="lib">
      <UniqueIdentifier>{2739B19F-16DF-601C-060A-FF86F6A40045}</UniqueIdentifier>
    </Filter>
    <Filter Include="lib\freetype">
      <UniqueIdentifier>{B8CA88D1-319B-A7AF-9169-5F1348D57504}</UniqueIdentifier>
    </Filter>
    <Filter Include="lib\freetype\include">
      <UniqueIdentifier>{57CA55B8-BCC5-4000-CE3A-58972F82E9CB}</UniqueIdentifier>
    </Filter>
    <Filter Include="lib\freetype\include\freetype">
      <UniqueIdentifier>{B8CA88D1-319B-A7AF-9169-5F1348D57504}</UniqueIdentifier>
    </Filter>
    <Filter Include="lib\freetype\include\freetype\config">
      <UniqueIdentifier>{31A163C0-193D-20CC-1C7F-55B57F22C481}</UniqueIdentifier>
    </Filter>
    <Filter Include="lib">
      <UniqueIdentifier>{2739B19F-16DF-601C-060A-FF86F6A40045}</UniqueIdentifier>
    </Filter>
    <Filter Include="lib\freetype">
      <UniqueIdentifier>{B8CA88D1-319B-A7AF-9169-5F1348D57504}</UniqueIdentifier>
    </Filter>
    <Filter Include="lib\freetype\include">
      <UniqueIdentifier>{57CA55B8-BCC5-4000-CE3A-58972F82E9CB}</UniqueIdentifier>
    </Filter>
    <Filter Include="lib\freetype\include\freetype">
      <UniqueIdentifier>{B8CA88D1-319B-A7AF-9169-5F1348D57504}</UniqueIdentifier>
    </Filter>
    <Filter Include="lib\freetype\include\freetype\config">
      <UniqueIdentifier>{31A163C0-193D-20CC-1C7F-55B57F22C481}</UniqueIdentifier>
    </Filter>
    <Filter Include="lib">
      <UniqueIdentifier>{2739B19F-16DF-601C-060A-FF86F6A40045}</UniqueIdentifier>
    </Filter>
    <Filter Include="lib\freetype">
      <UniqueIdentifier>{B8CA88D1-319B-A7AF-9169-5F1348D57504}</UniqueIdentifier>
    </Filter>
    <Filter Include="lib\freetype\include">
      <UniqueIdentifier>{57CA55B8-BCC5-4000-CE3A-58972F82E9CB}</UniqueIdentifier>
    </Filter>
    <Filter Include="lib">
      <UniqueIdentifier>{2739B19F-16DF-601C-060A-FF86F6A40045}</UniqueIdentifier>
    </Filter>
    <Filter Include="lib\freetype">
      <UniqueIdentifier>{B8CA88D1-319B-A7AF-9169-5F1348D57504}</UniqueIdentifier>
    </Filter>
    <Filter Include="lib\freetype\src">
      <UniqueIdentifier>{8CDEE807-BC53-E450-C8B8-4DEBB66742D4}</UniqueIdentifier>
    </Filter>
    <Filter Include="lib\freetype\src\autofit">
      <UniqueIdentifier>{0D3D4006-FF97-8D20-18B6-340C3BCC9433}</UniqueIdentifier>
    </Filter>
    <Filter Include="lib">
      <UniqueIdentifier>{2739B19F-16DF-601C-060A-FF86F6A40045}</UniqueIdentifier>
    </Filter>
    <Filter Include="lib\freetype">
      <UniqueIdentifier>{B8CA88D1-319B-A7AF-9169-5F1348D57504}</UniqueIdentifier>
    </Filter>
    <Filter Include="lib\freetype\src">
      <UniqueIdentifier>{8CDEE807-BC53-E450-C8B8-4DEBB66742D4}</UniqueIdentifier>
    </Filter>
    <Filter Include="lib\freetype\src\base">
      <UniqueIdentifier>{DBBAC0A6-BB0A-CA51-45CC-DA4574B671E6}</UniqueIdentifier>
    </Filter>
    <Filter Include="lib">
      <UniqueIdentifier>{2739B19F-16DF-601C-060A-FF86F6A40045}</UniqueIdentifier>
    </Filter>
    <Filter Include="lib\freetype">
      <UniqueIdentifier>{B8CA88D1-319B-A7AF-9169-5F1348D57504}</UniqueIdentifier>
    </Filter>
    <Filter Include="lib\freetype\src">
      <UniqueIdentifier>{8CDEE807-BC53-E450-C8B8-4DEBB66742D4}</UniqueIdentifier>
    </Filter>
    <Filter Include="lib\freetype\src\base">
      <UniqueIdentifier>{DBBAC0A6-BB0A-CA51-45CC-DA4574B671E6}</UniqueIdentifier>
    </Filter>
    <Filter Include="lib">
      <UniqueIdentifier>{2739B19F-16DF-601C-060A-FF86F6A40045}</UniqueIdentifier>
    </Filter>
    <Filter Include="lib\freetype">
      <UniqueIdentifier>{B8CA88D1-319B-A7AF-9169-5F1348D57504}</UniqueIdentifier>
    </Filter>
    <Filter Include="lib\freetype\src">
      <UniqueIdentifier>{8CDEE807-BC53-E450-C8B8-4DEBB66742D4}</UniqueIdentifier>
    </Filter>
    <Filter Include="lib\freetype\src\base">
      <UniqueIdentifier>{DBBAC0A6-BB0A-CA51-45CC-DA4574B671E6}</UniqueIdentifier>
    </Filter>
    <Filter Include="lib">
      <UniqueIdentifier>{2739B19F-16DF-601C-060A-FF86F6A40045}</UniqueIdentifier>
    </Filter>
    <Filter Include="lib\freetype">
      <UniqueIdentifier>{B8CA88D1-319B-A7AF-9169-5F1348D57504}</UniqueIdentifier>
    </Filter>
    <Filter Include="lib\freetype\src">
      <UniqueIdentifier>{8CDEE807-BC53-E450-C8B8-4DEBB66742D4}</UniqueIdentifier>
    </Filter>
    <Filter Include="lib\freetype\src\base">
      <UniqueIdentifier>{DBBAC0A6-BB0A-CA51-45CC-DA4574B671E6}</UniqueIdentifier>
    </Filter>
    <Filter Include="lib">
      <UniqueIdentifier>{2739B19F-16DF-601C-060A-FF86F6A40045}</UniqueIdentifier>
    </Filter>
    <Filter Include="lib\freetype">
      <UniqueIdentifier>{B8CA88D1-319B-A7AF-9169-5F1348D57504}</UniqueIdentifier>
    </Filter>
    <Filter Include="lib\freetype\src">
      <UniqueIdentifier>{8CDEE807-BC53-E450-C8B8-4DEBB66742D4}</UniqueIdentifier>
    </Filter>
    <Filter Include="lib\freetype\src\base">
      <UniqueIdentifier>{DBBAC0A6-BB0A-CA51-45CC-DA4574B671E6}</UniqueIdentifier>
    </Filter>
    <Filter Include="lib">
      <UniqueIdentifier>{2739B19F-16DF-601C-060A-FF86F6A40045}</UniqueIdentifier>
    </Filter>
    <Filter Include="lib\freetype">
      <UniqueIdentifier>{B8CA88D1-319B-A7AF-9169-5F1348D57504}</UniqueIdentifier>
    </Filter>
    <Filter Include="lib\freetype\src">
      <UniqueIdentifier>{8CDEE807-BC53-E450-C8B8-4DEBB66742D4}</UniqueIdentifier>
    </Filter>
    <Filter Include="lib\freetype\src\base">
      <UniqueIdentifier>{DBBAC0A6-BB0A-CA51-45CC-DA4574B671E6}</UniqueIdentifier>
    </Filter>
    <Filter Include="lib">
      <UniqueIdentifier>{2739B19F-16DF-601C-060A-FF86F6A40045}</UniqueIdentifier>
    </Filter>
    <Filter Include="lib\freetype">
      <UniqueIdentifier>{B8CA88D1-319B-A7AF-9169-5F1348D57504}</UniqueIdentifier>
    </Filter>
    <Filter Include="lib\freetype\src">
      <UniqueIdentifier>{8CDEE807-BC53-E450-C8B8-4DEBB66742D4}</UniqueIdentifier>
    </Filter>
    <Filter Include="lib\freetype\src\base">
      <UniqueIdentifier>{DBBAC0A6-BB0A-CA51-45CC-DA4574B671E6}</UniqueIdentifier>
    </Filter>
    <Filter Include="lib">
      <UniqueIdentifier>{2739B19F-16DF-601C-060A-FF86F6A40045}</UniqueIdentifier>
    </Filter>
    <Filter Include="lib\freetype">
      <UniqueIdentifier>{B8CA88D1-319B-A7AF-9169-5F1348D57504}</UniqueIdentifier>
    </Filter>
    <Filter Include="lib\freetype\src">
      <UniqueIdentifier>{8CDEE807-BC53-E450-C8B8-4DEBB66742D4}</UniqueIdentifier>
    </Filter>
    <Filter Include="lib\freetype\src\base">
      <UniqueIdentifier>{DBBAC0A6-BB0A-CA51-45CC-DA4574B671E6}</UniqueIdentifier>
    </Filter>
    <Filter Include="lib">
      <UniqueIdentifier>{2739B19F-16DF-601C-060A-FF86F6A40045}</UniqueIdentifier>
    </Filter>
    <Filter Include="lib\freetype">
      <UniqueIdentifier>{B8CA88D1-319B-A7AF-9169-5F1348D57504}</UniqueIdentifier>
    </Filter>
    <Filter Include="lib\freetype\src">
      <UniqueIdentifier>{8CDEE807-BC53-E450-C8B8-4DEBB66742D4}</UniqueIdentifier>
    </Filter>
    <Filter Include="lib\freetype\src\base">
      <UniqueIdentifier>{DBBAC0A6-BB0A-CA51-45CC-DA4574B671E6}</UniqueIdentifier>
    </Filter>
    <Filter Include="lib">
      <UniqueIdentifier>{2739B19F-16DF-601C-060A-FF86F6A40045}</UniqueIdentifier>
    </Filter>
    <Filter Include="lib\freetype">
      <UniqueIdentifier>{B8CA88D1-319B-A7AF-9169-5F1348D57504}</UniqueIdentifier>
    </Filter>
    <Filter Include="lib\freetype\src">
      <UniqueIdentifier>{8CDEE807-BC53-E450-C8B8-4DEBB66742D4}</UniqueIdentifier>
    </Filter>
    <Filter Include="lib\freetype\src\base">
      <UniqueIdentifier>{DBBAC0A6-BB0A-CA51-45CC-DA4574B671E6}</UniqueIdentifier>
    </Filter>
    <Filter Include="lib">
      <UniqueIdentifier>{2739B19F-16DF-601C-060A-FF86F6A40045}</UniqueIdentifier>
    </Filter>
    <Filter Include="lib\freetype">
      <UniqueIdentifier>{B8CA88D1-319B-A7AF-9169-5F1348D57504}</UniqueIdentifier>
    </Filter>
    <Filter Include="lib\freetype\src">
      <UniqueIdentifier>{8CDEE807-BC53-E450-C8B8-4DEBB66742D4}</UniqueIdentifier>
    </Filter>
    <Filter Include="lib\freetype\src\base">
      <UniqueIdentifier>{DBBAC0A6-BB0A-CA51-45CC-DA4574B671E6}</UniqueIdentifier>
    </Filter>
    <Filter Include="lib">
      <UniqueIdentifier>{2739B19F-16DF-601C-060A-FF86F6A40045}</UniqueIdentifier>
    </Filter>
    <Filter Include="lib\freetype">
      <UniqueIdentifier>{B8CA88D1-319B-A7AF-9169-5F1348D57504}</UniqueIdentifier>
    </Filter>
    <Filter Include="lib\freetype\src">
      <UniqueIdentifier>{8CDEE807-BC53-E450-C8B8-4DEBB66742D4}</UniqueIdentifier>
    </Filter>
    <Filter Include="lib\freetype\src\base">
      <UniqueIdentifier>{DBBAC0A6-BB0A-CA51-45CC-DA4574B671E6}</UniqueIdentifier>
    </Filter>
    <Filter Include="lib">
      <UniqueIdentifier>{2739B19F-16DF-601C-060A-FF86F6A40045}</UniqueIdentifier>
    </Filter>
    <Filter Include="lib\freetype">
      <UniqueIdentifier>{B8CA88D1-319B-A7AF-9169-5F1348D57504}</UniqueIdentifier>
    </Filter>
    <Filter Include="lib\freetype\src">
      <UniqueIdentifier>{8CDEE807-BC53-E450-C8B8-4DEBB66742D4}</UniqueIdentifier>
    </Filter>
    <Filter Include="lib\freetype\src\base">
      <UniqueIdentifier>{DBBAC0A6-BB0A-CA51-45CC-DA4574B671E6}</UniqueIdentifier>
    </Filter>
    <Filter Include="lib">
      <UniqueIdentifier>{2739B19F-16DF-601C-060A-FF86F6A40045}</UniqueIdentifier>
    </Filter>
    <Filter Include="lib\freetype">
      <UniqueIdentifier>{B8CA88D1-319B-A7AF-9169-5F1348D57504}</UniqueIdentifier>
    </Filter>
    <Filter Include="lib\freetype\src">
      <UniqueIdentifier>{8CDEE807-BC53-E450-C8B8-4DEBB66742D4}</UniqueIdentifier>
    </Filter>
    <Filter Include="lib\freetype\src\base">
      <UniqueIdentifier>{DBBAC0A6-BB0A-CA51-45CC-DA4574B671E6}</UniqueIdentifier>
    </Filter>
    <Filter Include="lib">
      <UniqueIdentifier>{2739B19F-16DF-601C-060A-FF86F6A40045}</UniqueIdentifier>
    </Filter>
    <Filter Include="lib\freetype">
      <UniqueIdentifier>{B8CA88D1-319B-A7AF-9169-5F1348D57504}</UniqueIdentifier>
    </Filter>
    <Filter Include="lib\freetype\src">
      <UniqueIdentifier>{8CDEE807-BC53-E450-C8B8-4DEBB66742D4}</UniqueIdentifier>
    </Filter>
    <Filter Include="lib\freetype\src\base">
      <UniqueIdentifier>{DBBAC0A6-BB0A-CA51-45CC-DA4574B671E6}</UniqueIdentifier>
    </Filter>
    <Filter Include="lib">
      <UniqueIdentifier>{2739B19F-16DF-601C-060A-FF86F6A40045}</UniqueIdentifier>
    </Filter>
    <Filter Include="lib\freetype">
      <UniqueIdentifier>{B8CA88D1-319B-A7AF-9169-5F1348D57504}</UniqueIdentifier>
    </Filter>
    <Filter Include="lib\freetype\src">
      <UniqueIdentifier>{8CDEE807-BC53-E450-C8B8-4DEBB66742D4}</UniqueIdentifier>
    </Filter>
    <Filter Include="lib\freetype\src\base">
      <UniqueIdentifier>{DBBAC0A6-BB0A-CA51-45CC-DA4574B671E6}</UniqueIdentifier>
    </Filter>
    <Filter Include="lib">
      <UniqueIdentifier>{2739B19F-16DF-601C-060A-FF86F6A40045}</UniqueIdentifier>
    </Filter>
    <Filter Include="lib\freetype">
      <UniqueIdentifier>{B8CA88D1-319B-A7AF-9169-5F1348D57504}</UniqueIdentifier>
    </Filter>
    <Filter Include="lib\freetype\src">
      <UniqueIdentifier>{8CDEE807-BC53-E450-C8B8-4DEBB66742D4}</UniqueIdentifier>
    </Filter>
    <Filter Include="lib\freetype\src\base">
      <UniqueIdentifier>{DBBAC0A6-BB0A-CA51-45CC-DA4574B671E6}</UniqueIdentifier>
    </Filter>
    <Filter Include="lib">
      <UniqueIdentifier>{2739B19F-16DF-601C-060A-FF86F6A40045}</UniqueIdentifier>
    </Filter>
    <Filter Include="lib\freetype">
      <UniqueIdentifier>{B8CA88D1-319B-A7AF-9169-5F1348D57504}</UniqueIdentifier>
    </Filter>
    <Filter Include="lib\freetype\src">
      <UniqueIdentifier>{8CDEE807-BC53-E450-C8B8-4DEBB66742D4}</UniqueIdentifier>
    </Filter>
    <Filter Include="lib\freetype\src\base">
      <UniqueIdentifier>{DBBAC0A6-BB0A-CA51-45CC-DA4574B671E6}</UniqueIdentifier>
    </Filter>
    <Filter Include="lib">
      <UniqueIdentifier>{2739B19F-16DF-601C-060A-FF86F6A40045}</UniqueIdentifier>
    </Filter>
    <Filter Include="lib\freetype">
      <UniqueIdentifier>{B8CA88D1-319B-A7AF-9169-5F1348D57504}</UniqueIdentifier>
    </Filter>
    <Filter Include="lib\freetype\src">
      <UniqueIdentifier>{8CDEE807-BC53-E450-C8B8-4DEBB66742D4}</UniqueIdentifier>
    </Filter>
    <Filter Include="lib\freetype\src\base">
      <UniqueIdentifier>{DBBAC0A6-BB0A-CA51-45CC-DA4574B671E6}</UniqueIdentifier>
    </Filter>
    <Filter Include="lib">
      <UniqueIdentifier>{2739B19F-16DF-601C-060A-FF86F6A40045}</UniqueIdentifier>
    </Filter>
    <Filter Include="lib\freetype">
      <UniqueIdentifier>{B8CA88D1-319B-A7AF-9169-5F1348D57504}</UniqueIdentifier>
    </Filter>
    <Filter Include="lib\freetype\src">
      <UniqueIdentifier>{8CDEE807-BC53-E450-C8B8-4DEBB66742D4}</UniqueIdentifier>
    </Filter>
    <Filter Include="lib\freetype\src\base">
      <UniqueIdentifier>{DBBAC0A6-BB0A-CA51-45CC-DA4574B671E6}</UniqueIdentifier>
    </Filter>
    <Filter Include="lib">
      <UniqueIdentifier>{2739B19F-16DF-601C-060A-FF86F6A40045}</UniqueIdentifier>
    </Filter>
    <Filter Include="lib\freetype">
      <UniqueIdentifier>{B8CA88D1-319B-A7AF-9169-5F1348D57504}</UniqueIdentifier>
    </Filter>
    <Filter Include="lib\freetype\src">
      <UniqueIdentifier>{8CDEE807-BC53-E450-C8B8-4DEBB66742D4}</UniqueIdentifier>
    </Filter>
    <Filter Include="lib\freetype\src\base">
      <UniqueIdentifier>{DBBAC0A6-BB0A-CA51-45CC-DA4574B671E6}</UniqueIdentifier>
    </Filter>
    <Filter Include="lib">
      <UniqueIdentifier>{2739B19F-16DF-601C-060A-FF86F6A40045}</UniqueIdentifier>
    </Filter>
    <Filter Include="lib\freetype">
      <UniqueIdentifier>{B8CA88D1-319B-A7AF-9169-5F1348D57504}</UniqueIdentifier>
    </Filter>
    <Filter Include="lib\freetype\src">
      <UniqueIdentifier>{8CDEE807-BC53-E450-C8B8-4DEBB66742D4}</UniqueIdentifier>
    </Filter>
    <Filter Include="lib\freetype\src\base">
      <UniqueIdentifier>{DBBAC0A6-BB0A-CA51-45CC-DA4574B671E6}</UniqueIdentifier>
    </Filter>
    <Filter Include="lib">
      <UniqueIdentifier>{2739B19F-16DF-601C-060A-FF86F6A40045}</UniqueIdentifier>
    </Filter>
    <Filter Include="lib\freetype">
      <UniqueIdentifier>{B8CA88D1-319B-A7AF-9169-5F1348D57504}</UniqueIdentifier>
    </Filter>
    <Filter Include="lib\freetype\src">
      <UniqueIdentifier>{8CDEE807-BC53-E450-C8B8-4DEBB66742D4}</UniqueIdentifier>
    </Filter>
    <Filter Include="lib\freetype\src\bdf">
      <UniqueIdentifier>{88EA2F33-5D9E-0F58-2EA3-E2B56150B6BF}</UniqueIdentifier>
    </Filter>
    <Filter Include="lib">
      <UniqueIdentifier>{2739B19F-16DF-601C-060A-FF86F6A40045}</UniqueIdentifier>
    </Filter>
    <Filter Include="lib\freetype">
      <UniqueIdentifier>{B8CA88D1-319B-A7AF-9169-5F1348D57504}</UniqueIdentifier>
    </Filter>
    <Filter Include="lib\freetype\src">
      <UniqueIdentifier>{8CDEE807-BC53-E450-C8B8-4DEBB66742D4}</UniqueIdentifier>
    </Filter>
    <Filter Include="lib\freetype\src\bzip2">
      <UniqueIdentifier>{7067DAB5-2EF1-123C-0821-E4C19EEAA420}</UniqueIdentifier>
    </Filter>
    <Filter Include="lib">
      <UniqueIdentifier>{2739B19F-16DF-601C-060A-FF86F6A40045}</UniqueIdentifier>
    </Filter>
    <Filter Include="lib\freetype">
      <UniqueIdentifier>{B8CA88D1-319B-A7AF-9169-5F1348D57504}</UniqueIdentifier>
    </Filter>
    <Filter Include="lib\freetype\src">
      <UniqueIdentifier>{8CDEE807-BC53-E450-C8B8-4DEBB66742D4}</UniqueIdentifier>
    </Filter>
    <Filter Include="lib\freetype\src\cache">
      <UniqueIdentifier>{4EF5A21A-95BA-65A7-26E0-9F92DB112A44}</UniqueIdentifier>
    </Filter>
    <Filter Include="lib">
      <UniqueIdentifier>{2739B19F-16DF-601C-060A-FF86F6A40045}</UniqueIdentifier>
    </Filter>
    <Filter Include="lib\freetype">
      <UniqueIdentifier>{B8CA88D1-319B-A7AF-9169-5F1348D57504}</UniqueIdentifier>
    </Filter>
    <Filter Include="lib\freetype\src">
      <UniqueIdentifier>{8CDEE807-BC53-E450-C8B8-4DEBB66742D4}</UniqueIdentifier>
    </Filter>
    <Filter Include="lib\freetype\src\cff">
      <UniqueIdentifier>{B7636328-ABB2-C606-80A6-BBEA723A706B}</UniqueIdentifier>
    </Filter>
    <Filter Include="lib">
      <UniqueIdentifier>{2739B19F-16DF-601C-060A-FF86F6A40045}</UniqueIdentifier>
    </Filter>
    <Filter Include="lib\freetype">
      <UniqueIdentifier>{B8CA88D1-319B-A7AF-9169-5F1348D57504}</UniqueIdentifier>
    </Filter>
    <Filter Include="lib\freetype\src">
      <UniqueIdentifier>{8CDEE807-BC53-E450-C8B8-4DEBB66742D4}</UniqueIdentifier>
    </Filter>
    <Filter Include="lib\freetype\src\cid">
      <UniqueIdentifier>{403B5A77-716A-2984-6D6D-E4AA33F10EAA}</UniqueIdentifier>
    </Filter>
    <Filter Include="lib">
      <UniqueIdentifier>{2739B19F-16DF-601C-060A-FF86F6A40045}</UniqueIdentifier>
    </Filter>
    <Filter Include="lib\freetype">
      <UniqueIdentifier>{B8CA88D1-319B-A7AF-9169-5F1348D57504}</UniqueIdentifier>
    </Filter>
    <Filter Include="lib\freetype\src">
      <UniqueIdentifier>{8CDEE807-BC53-E450-C8B8-4DEBB66742D4}</UniqueIdentifier>
    </Filter>
    <Filter Include="lib\freetype\src\gzip">
      <UniqueIdentifier>{34F0E2B5-5E64-5A33-0432-54946BD2C5A4}</UniqueIdentifier>
    </Filter>
    <Filter Include="lib">
      <UniqueIdentifier>{2739B19F-16DF-601C-060A-FF86F6A40045}</UniqueIdentifier>
    </Filter>
    <Filter Include="lib\freetype">
      <UniqueIdentifier>{B8CA88D1-319B-A7AF-9169-5F1348D57504}</UniqueIdentifier>
    </Filter>
    <Filter Include="lib\freetype\src">
      <UniqueIdentifier>{8CDEE807-BC53-E450-C8B8-4DEBB66742D4}</UniqueIdentifier>
    </Filter>
    <Filter Include="lib\freetype\src\lzw">
      <UniqueIdentifier>{3CCF6425-978E-4117-3A97-C92CDEC490DD}</UniqueIdentifier>
    </Filter>
    <Filter Include="lib">
      <UniqueIdentifier>{2739B19F-16DF-601C-060A-FF86F6A40045}</UniqueIdentifier>
    </Filter>
    <Filter Include="lib\freetype">
      <UniqueIdentifier>{B8CA88D1-319B-A7AF-9169-5F1348D57504}</UniqueIdentifier>
    </Filter>
    <Filter Include="lib\freetype\src">
      <UniqueIdentifier>{8CDEE807-BC53-E450-C8B8-4DEBB66742D4}</UniqueIdentifier>
    </Filter>
    <Filter Include="lib\freetype\src\pcf">
      <UniqueIdentifier>{FAC1AC12-6B5D-63BB-DBD5-4D4F63FB383F}</UniqueIdentifier>
    </Filter>
    <Filter Include="lib">
      <UniqueIdentifier>{2739B19F-16DF-601C-060A-FF86F6A40045}</UniqueIdentifier>
    </Filter>
    <Filter Include="lib\freetype">
      <UniqueIdentifier>{B8CA88D1-319B-A7AF-9169-5F1348D57504}</UniqueIdentifier>
    </Filter>
    <Filter Include="lib\freetype\src">
      <UniqueIdentifier>{8CDEE807-BC53-E450-C8B8-4DEBB66742D4}</UniqueIdentifier>
    </Filter>
    <Filter Include="lib\freetype\src\pfr">
      <UniqueIdentifier>{D6AF44B5-9C29-E7F2-4530-8E4B2303E7B8}</UniqueIdentifier>
    </Filter>
    <Filter Include="lib">
      <UniqueIdentifier>{2739B19F-16DF-601C-060A-FF86F6A40045}</UniqueIdentifier>
    </Filter>
    <Filter Include="lib\freetype">
      <UniqueIdentifier>{B8CA88D1-319B-A7AF-9169-5F1348D57504}</UniqueIdentifier>
    </Filter>
    <Filter Include="lib\freetype\src">
      <UniqueIdentifier>{8CDEE807-BC53-E450-C8B8-4DEBB66742D4}</UniqueIdentifier>
    </Filter>
    <Filter Include="lib\freetype\src\psaux">
      <UniqueIdentifier>{A9B22DD8-BFF3-E1F6-716C-BD9236E50B66}</UniqueIdentifier>
    </Filter>
    <Filter Include="lib">
      <UniqueIdentifier>{2739B19F-16DF-601C-060A-FF86F6A40045}</UniqueIdentifier>
    </Filter>
    <Filter Include="lib\freetype">
      <UniqueIdentifier>{B8CA88D1-319B-A7AF-9169-5F1348D57504}</UniqueIdentifier>
    </Filter>
    <Filter Include="lib\freetype\src">
      <UniqueIdentifier>{8CDEE807-BC53-E450-C8B8-4DEBB66742D4}</UniqueIdentifier>
    </Filter>
    <Filter Include="lib\freetype\src\pshinter">
      <UniqueIdentifier>{ED25F9B0-2B16-0723-5255-9EC1F907DC52}</UniqueIdentifier>
    </Filter>
    <Filter Include="lib">
      <UniqueIdentifier>{2739B19F-16DF-601C-060A-FF86F6A40045}</UniqueIdentifier>
    </Filter>
    <Filter Include="lib\freetype">
      <UniqueIdentifier>{B8CA88D1-319B-A7AF-9169-5F1348D57504}</UniqueIdentifier>
    </Filter>
    <Filter Include="lib\freetype\src">
      <UniqueIdentifier>{8CDEE807-BC53-E450-C8B8-4DEBB66742D4}</UniqueIdentifier>
    </Filter>
    <Filter Include="lib\freetype\src\psnames">
      <UniqueIdentifier>{572EB0B0-867C-6B94-38EB-BD26DB61F2BF}</UniqueIdentifier>
    </Filter>
    <Filter Include="lib">
      <UniqueIdentifier>{2739B19F-16DF-601C-060A-FF86F6A40045}</UniqueIdentifier>
    </Filter>
    <Filter Include="lib\freetype">
      <UniqueIdentifier>{B8CA88D1-319B-A7AF-9169-5F1348D57504}</UniqueIdentifier>
    </Filter>
    <Filter Include="lib\freetype\src">
      <UniqueIdentifier>{8CDEE807-BC53-E450-C8B8-4DEBB66742D4}</UniqueIdentifier>
    </Filter>
    <Filter Include="lib\freetype\src\raster">
      <UniqueIdentifier>{31536FBA-5A6E-62AD-0D34-50B79CE8CD75}</UniqueIdentifier>
    </Filter>
    <Filter Include="lib">
      <UniqueIdentifier>{2739B19F-16DF-601C-060A-FF86F6A40045}</UniqueIdentifier>
    </Filter>
    <Filter Include="lib\freetype">
      <UniqueIdentifier>{B8CA88D1-319B-A7AF-9169-5F1348D57504}</UniqueIdentifier>
    </Filter>
    <Filter Include="lib\freetype\src">
      <UniqueIdentifier>{8CDEE807-BC53-E450-C8B8-4DEBB66742D4}</UniqueIdentifier>
    </Filter>
    <Filter Include="lib\freetype\src\sfnt">
      <UniqueIdentifier>{F3FB6488-412C-9146-7A16-CB277A40E779}</UniqueIdentifier>
    </Filter>
    <Filter Include="lib">
      <UniqueIdentifier>{2739B19F-16DF-601C-060A-FF86F6A40045}</UniqueIdentifier>
    </Filter>
    <Filter Include="lib\freetype">
      <UniqueIdentifier>{B8CA88D1-319B-A7AF-9169-5F1348D57504}</UniqueIdentifier>
    </Filter>
    <Filter Include="lib\freetype\src">
      <UniqueIdentifier>{8CDEE807-BC53-E450-C8B8-4DEBB66742D4}</UniqueIdentifier>
    </Filter>
    <Filter Include="lib\freetype\src\smooth">
      <UniqueIdentifier>{2AB83D38-4DD1-2375-CA47-D656AE71FFCD}</UniqueIdentifier>
    </Filter>
    <Filter Include="lib">
      <UniqueIdentifier>{2739B19F-16DF-601C-060A-FF86F6A40045}</UniqueIdentifier>
    </Filter>
    <Filter Include="lib\freetype">
      <UniqueIdentifier>{B8CA88D1-319B-A7AF-9169-5F1348D57504}</UniqueIdentifier>
    </Filter>
    <Filter Include="lib\freetype\src">
      <UniqueIdentifier>{8CDEE807-BC53-E450-C8B8-4DEBB66742D4}</UniqueIdentifier>
    </Filter>
    <Filter Include="lib\freetype\src\truetype">
      <UniqueIdentifier>{E5AC5731-56CD-C97C-E492-41470FA2CF66}</UniqueIdentifier>
    </Filter>
    <Filter Include="lib">
      <UniqueIdentifier>{2739B19F-16DF-601C-060A-FF86F6A40045}</UniqueIdentifier>
    </Filter>
    <Filter Include="lib\freetype">
      <UniqueIdentifier>{B8CA88D1-319B-A7AF-9169-5F1348D57504}</UniqueIdentifier>
    </Filter>
    <Filter Include="lib\freetype\src">
      <UniqueIdentifier>{8CDEE807-BC53-E450-C8B8-4DEBB66742D4}</UniqueIdentifier>
    </Filter>
    <Filter Include="lib\freetype\src\type1">
      <UniqueIdentifier>{A1605EA2-DCC0-91EC-4D4E-3E79D5AE7520}</UniqueIdentifier>
    </Filter>
    <Filter Include="lib">
      <UniqueIdentifier>{2739B19F-16DF-601C-060A-FF86F6A40045}</UniqueIdentifier>
    </Filter>
    <Filter Include="lib\freetype">
      <UniqueIdentifier>{B8CA88D1-319B-A7AF-9169-5F1348D57504}</UniqueIdentifier>
    </Filter>
    <Filter Include="lib\freetype\src">
      <UniqueIdentifier>{8CDEE807-BC53-E450-C8B8-4DEBB66742D4}</UniqueIdentifier>
    </Filter>
    <Filter Include="lib\freetype\src\type42">
      <UniqueIdentifier>{42A49545-8BB6-E8FD-DA0B-704A12C42D67}</UniqueIdentifier>
    </Filter>
    <Filter Include="lib">
      <UniqueIdentifier>{2739B19F-16DF-601C-060A-FF86F6A40045}</UniqueIdentifier>
    </Filter>
    <Filter Include="lib\freetype">
      <UniqueIdentifier>{B8CA88D1-319B-A7AF-9169-5F1348D57504}</UniqueIdentifier>
    </Filter>
    <Filter Include="lib\freetype\src">
      <UniqueIdentifier>{8CDEE807-BC53-E450-C8B8-4DEBB66742D4}</UniqueIdentifier>
    </Filter>
    <Filter Include="lib\freetype\src\winfonts">
      <UniqueIdentifier>{48894988-69B1-A769-B81F-2FE003369ED2}</UniqueIdentifier>
    </Filter>
  </ItemGroup>
  <ItemGroup>
    <ClInclude Include="..\lib\freetype\include\freetype\config\ftconfig.h">
      <Filter>lib\freetype\include\freetype\config</Filter>
    </ClInclude>
    <ClInclude Include="..\lib\freetype\include\freetype\config\ftheader.h">
      <Filter>lib\freetype\include\freetype\config</Filter>
    </ClInclude>
    <ClInclude Include="..\lib\freetype\include\freetype\config\ftmodule.h">
      <Filter>lib\freetype\include\freetype\config</Filter>
    </ClInclude>
    <ClInclude Include="..\lib\freetype\include\freetype\config\ftoption.h">
      <Filter>lib\freetype\include\freetype\config</Filter>
    </ClInclude>
    <ClInclude Include="..\lib\freetype\include\freetype\config\ftstdlib.h">
      <Filter>lib\freetype\include\freetype\config</Filter>
    </ClInclude>
    <ClInclude Include="..\lib\freetype\include\ft2build.h">
      <Filter>lib\freetype\include</Filter>
    </ClInclude>
    <ClCompile Include="..\lib\freetype\src\autofit\autofit.c">
      <Filter>lib\freetype\src\autofit</Filter>
    </ClCompile>
    <ClCompile Include="..\lib\freetype\src\base\ftbase.c">
      <Filter>lib\freetype\src\base</Filter>
    </ClCompile>
    <ClCompile Include="..\lib\freetype\src\base\ftbbox.c">
      <Filter>lib\freetype\src\base</Filter>
    </ClCompile>
    <ClCompile Include="..\lib\freetype\src\base\ftbdf.c">
      <Filter>lib\freetype\src\base</Filter>
    </ClCompile>
    <ClCompile Include="..\lib\freetype\src\base\ftbitmap.c">
      <Filter>lib\freetype\src\base</Filter>
    </ClCompile>
    <ClCompile Include="..\lib\freetype\src\base\ftcid.c">
      <Filter>lib\freetype\src\base</Filter>
    </ClCompile>
    <ClCompile Include="..\lib\freetype\src\base\ftdebug.c">
      <Filter>lib\freetype\src\base</Filter>
    </ClCompile>
    <ClCompile Include="..\lib\freetype\src\base\ftfntfmt.c">
      <Filter>lib\freetype\src\base</Filter>
    </ClCompile>
    <ClCompile Include="..\lib\freetype\src\base\ftfstype.c">
      <Filter>lib\freetype\src\base</Filter>
    </ClCompile>
    <ClCompile Include="..\lib\freetype\src\base\ftgasp.c">
      <Filter>lib\freetype\src\base</Filter>
    </ClCompile>
    <ClCompile Include="..\lib\freetype\src\base\ftglyph.c">
      <Filter>lib\freetype\src\base</Filter>
    </ClCompile>
    <ClCompile Include="..\lib\freetype\src\base\ftgxval.c">
      <Filter>lib\freetype\src\base</Filter>
    </ClCompile>
    <ClCompile Include="..\lib\freetype\src\base\ftinit.c">
      <Filter>lib\freetype\src\base</Filter>
    </ClCompile>
    <ClCompile Include="..\lib\freetype\src\base\ftlcdfil.c">
      <Filter>lib\freetype\src\base</Filter>
    </ClCompile>
    <ClCompile Include="..\lib\freetype\src\base\ftmm.c">
      <Filter>lib\freetype\src\base</Filter>
    </ClCompile>
    <ClCompile Include="..\lib\freetype\src\base\ftotval.c">
      <Filter>lib\freetype\src\base</Filter>
    </ClCompile>
    <ClCompile Include="..\lib\freetype\src\base\ftpatent.c">
      <Filter>lib\freetype\src\base</Filter>
    </ClCompile>
    <ClCompile Include="..\lib\freetype\src\base\ftpfr.c">
      <Filter>lib\freetype\src\base</Filter>
    </ClCompile>
    <ClCompile Include="..\lib\freetype\src\base\ftstroke.c">
      <Filter>lib\freetype\src\base</Filter>
    </ClCompile>
    <ClCompile Include="..\lib\freetype\src\base\ftsynth.c">
      <Filter>lib\freetype\src\base</Filter>
    </ClCompile>
    <ClCompile Include="..\lib\freetype\src\base\ftsystem.c">
      <Filter>lib\freetype\src\base</Filter>
    </ClCompile>
    <ClCompile Include="..\lib\freetype\src\base\fttype1.c">
      <Filter>lib\freetype\src\base</Filter>
    </ClCompile>
    <ClCompile Include="..\lib\freetype\src\base\ftwinfnt.c">
      <Filter>lib\freetype\src\base</Filter>
    </ClCompile>
    <ClCompile Include="..\lib\freetype\src\bdf\bdf.c">
      <Filter>lib\freetype\src\bdf</Filter>
    </ClCompile>
    <ClCompile Include="..\lib\freetype\src\bzip2\ftbzip2.c">
      <Filter>lib\freetype\src\bzip2</Filter>
    </ClCompile>
    <ClCompile Include="..\lib\freetype\src\cache\ftcache.c">
      <Filter>lib\freetype\src\cache</Filter>
    </ClCompile>
    <ClCompile Include="..\lib\freetype\src\cff\cff.c">
      <Filter>lib\freetype\src\cff</Filter>
    </ClCompile>
    <ClCompile Include="..\lib\freetype\src\cid\type1cid.c">
      <Filter>lib\freetype\src\cid</Filter>
    </ClCompile>
    <ClCompile Include="..\lib\freetype\src\gzip\ftgzip.c">
      <Filter>lib\freetype\src\gzip</Filter>
    </ClCompile>
    <ClCompile Include="..\lib\freetype\src\lzw\ftlzw.c">
      <Filter>lib\freetype\src\lzw</Filter>
    </ClCompile>
    <ClCompile Include="..\lib\freetype\src\pcf\pcf.c">
      <Filter>lib\freetype\src\pcf</Filter>
    </ClCompile>
    <ClCompile Include="..\lib\freetype\src\pfr\pfr.c">
      <Filter>lib\freetype\src\pfr</Filter>
    </ClCompile>
    <ClCompile Include="..\lib\freetype\src\psaux\psaux.c">
      <Filter>lib\freetype\src\psaux</Filter>
    </ClCompile>
    <ClCompile Include="..\lib\freetype\src\pshinter\pshinter.c">
      <Filter>lib\freetype\src\pshinter</Filter>
    </ClCompile>
    <ClCompile Include="..\lib\freetype\src\psnames\psnames.c">
      <Filter>lib\freetype\src\psnames</Filter>
    </ClCompile>
    <ClCompile Include="..\lib\freetype\src\raster\raster.c">
      <Filter>lib\freetype\src\raster</Filter>
    </ClCompile>
    <ClCompile Include="..\lib\freetype\src\sfnt\sfnt.c">
      <Filter>lib\freetype\src\sfnt</Filter>
    </ClCompile>
    <ClCompile Include="..\lib\freetype\src\smooth\smooth.c">
      <Filter>lib\freetype\src\smooth</Filter>
    </ClCompile>
    <ClCompile Include="..\lib\freetype\src\truetype\truetype.c">
      <Filter>lib\freetype\src\truetype</Filter>
    </ClCompile>
    <ClCompile Include="..\lib\freetype\src\type1\type1.c">
      <Filter>lib\freetype\src\type1</Filter>
    </ClCompile>
    <ClCompile Include="..\lib\freetype\src\type42\type42.c">
      <Filter>lib\freetype\src\type42</Filter>
    </ClCompile>
    <ClCompile Include="..\lib\freetype\src\winfonts\winfnt.c">
      <Filter>lib\freetype\src\winfonts</Filter>
    </ClCompile>
    <None Include="..\stark3d.gyp"/>
  </ItemGroup>
</Project>
