Microsoft Visual Studio Solution File, Format Version 12.00
# Visual Studio 2017
Project("{8BC9CEB8-8B4A-11D0-8D11-00A0C91BC942}") = "assimp", "assimp.vcxproj", "{47881F3A-3883-F41B-D9F6-707D5170A754}"
EndProject
Project("{8BC9CEB8-8B4A-11D0-8D11-00A0C91BC942}") = "editor", "editor.vcxproj", "{04F45FC3-64E7-AE28-2477-F3D95118F834}"
EndProject
Project("{8BC9CEB8-8B4A-11D0-8D11-00A0C91BC942}") = "freetype", "freetype.vcxproj", "{A4987897-A71A-6DC8-F910-6F380FF6C71C}"
EndProject
Project("{8BC9CEB8-8B4A-11D0-8D11-00A0C91BC942}") = "glew", "glew.vcxproj", "{E2099C8D-A173-7C03-1BA3-08634F4CD7F5}"
EndProject
Project("{8BC9CEB8-8B4A-11D0-8D11-00A0C91BC942}") = "glfw", "glfw.vcxproj", "{C167FB9A-2246-C0BF-CC26-53A1C8D087F5}"
EndProject
Project("{8BC9CEB8-8B4A-11D0-8D11-00A0C91BC942}") = "lua", "lua.vcxproj", "{9D6DB591-946E-2FFF-8CE8-67B1436A1767}"
EndProject
Project("{8BC9CEB8-8B4A-11D0-8D11-00A0C91BC942}") = "stark", "stark.vcxproj", "{2BAC1019-0828-AFC9-AF01-3FED9A3EE854}"
	ProjectSection(ProjectDependencies) = postProject
		{E2099C8D-A173-7C03-1BA3-08634F4CD7F5} = {E2099C8D-A173-7C03-1BA3-08634F4CD7F5}
		{C167FB9A-2246-C0BF-CC26-53A1C8D087F5} = {C167FB9A-2246-C0BF-CC26-53A1C8D087F5}
		{47881F3A-3883-F41B-D9F6-707D5170A754} = {47881F3A-3883-F41B-D9F6-707D5170A754}
		{A4987897-A71A-6DC8-F910-6F380FF6C71C} = {A4987897-A71A-6DC8-F910-6F380FF6C71C}
		{9D6DB591-946E-2FFF-8CE8-67B1436A1767} = {9D6DB591-946E-2FFF-8CE8-67B1436A1767}
	EndProjectSection
EndProject
Global
	GlobalSection(SolutionConfigurationPlatforms) = preSolution
		Debug|Win32 = Debug|Win32
		Release|Win32 = Release|Win32
	EndGlobalSection
	GlobalSection(ProjectConfigurationPlatforms) = postSolution
		{04F45FC3-64E7-AE28-2477-F3D95118F834}.Debug|Win32.ActiveCfg = Debug|Win32
		{04F45FC3-64E7-AE28-2477-F3D95118F834}.Debug|Win32.Build.0 = Debug|Win32
		{04F45FC3-64E7-AE28-2477-F3D95118F834}.Release|Win32.ActiveCfg = Release|Win32
		{04F45FC3-64E7-AE28-2477-F3D95118F834}.Release|Win32.Build.0 = Release|Win32
		{2BAC1019-0828-AFC9-AF01-3FED9A3EE854}.Debug|Win32.ActiveCfg = Debug|Win32
		{2BAC1019-0828-AFC9-AF01-3FED9A3EE854}.Debug|Win32.Build.0 = Debug|Win32
		{2BAC1019-0828-AFC9-AF01-3FED9A3EE854}.Release|Win32.ActiveCfg = Release|Win32
		{2BAC1019-0828-AFC9-AF01-3FED9A3EE854}.Release|Win32.Build.0 = Release|Win32
		{47881F3A-3883-F41B-D9F6-707D5170A754}.Debug|Win32.ActiveCfg = Debug|Win32
		{47881F3A-3883-F41B-D9F6-707D5170A754}.Debug|Win32.Build.0 = Debug|Win32
		{47881F3A-3883-F41B-D9F6-707D5170A754}.Release|Win32.ActiveCfg = Release|Win32
		{47881F3A-3883-F41B-D9F6-707D5170A754}.Release|Win32.Build.0 = Release|Win32
		{9D6DB591-946E-2FFF-8CE8-67B1436A1767}.Debug|Win32.ActiveCfg = Debug|Win32
		{9D6DB591-946E-2FFF-8CE8-67B1436A1767}.Debug|Win32.Build.0 = Debug|Win32
		{9D6DB591-946E-2FFF-8CE8-67B1436A1767}.Release|Win32.ActiveCfg = Release|Win32
		{9D6DB591-946E-2FFF-8CE8-67B1436A1767}.Release|Win32.Build.0 = Release|Win32
		{A4987897-A71A-6DC8-F910-6F380FF6C71C}.Debug|Win32.ActiveCfg = Debug|Win32
		{A4987897-A71A-6DC8-F910-6F380FF6C71C}.Debug|Win32.Build.0 = Debug|Win32
		{A4987897-A71A-6DC8-F910-6F380FF6C71C}.Release|Win32.ActiveCfg = Release|Win32
		{A4987897-A71A-6DC8-F910-6F380FF6C71C}.Release|Win32.Build.0 = Release|Win32
		{C167FB9A-2246-C0BF-CC26-53A1C8D087F5}.Debug|Win32.ActiveCfg = Debug|Win32
		{C167FB9A-2246-C0BF-CC26-53A1C8D087F5}.Debug|Win32.Build.0 = Debug|Win32
		{C167FB9A-2246-C0BF-CC26-53A1C8D087F5}.Release|Win32.ActiveCfg = Release|Win32
		{C167FB9A-2246-C0BF-CC26-53A1C8D087F5}.Release|Win32.Build.0 = Release|Win32
		{E2099C8D-A173-7C03-1BA3-08634F4CD7F5}.Debug|Win32.ActiveCfg = Debug|Win32
		{E2099C8D-A173-7C03-1BA3-08634F4CD7F5}.Debug|Win32.Build.0 = Debug|Win32
		{E2099C8D-A173-7C03-1BA3-08634F4CD7F5}.Release|Win32.ActiveCfg = Release|Win32
		{E2099C8D-A173-7C03-1BA3-08634F4CD7F5}.Release|Win32.Build.0 = Release|Win32
	EndGlobalSection
	GlobalSection(SolutionProperties) = preSolution
		HideSolutionNode = FALSE
	EndGlobalSection
EndGlobal
