<?xml version="1.0" encoding="utf-8"?>
<Project ToolsVersion="4.0" xmlns="http://schemas.microsoft.com/developer/msbuild/2003">
  <ItemGroup>
    <Filter Include="Source Files">
      <UniqueIdentifier>{4FC737F1-C7A5-4376-A066-2A32D752A2FF}</UniqueIdentifier>
      <Extensions>cpp;c;cc;cxx;def;odl;idl;hpj;bat;asm;asmx</Extensions>
    </Filter>
    <Filter Include="Header Files">
      <UniqueIdentifier>{93995380-89BD-4b04-88EB-625FBE52EBFB}</UniqueIdentifier>
      <Extensions>h;hpp;hxx;hm;inl;inc;xsd</Extensions>
    </Filter>
    <Filter Include="Resource Files">
      <UniqueIdentifier>{67DA6AB6-F800-4c08-8B7A-83BB121AAD01}</UniqueIdentifier>
      <Extensions>rc;ico;cur;bmp;dlg;rc2;rct;bin;rgs;gif;jpg;jpeg;jpe;resx;tiff;tif;png;wav;mfcribbon-ms</Extensions>
    </Filter>
    <Filter Include="Header Files\utils">
      <UniqueIdentifier>{44dbdcb2-8543-4201-a5ae-28325416204e}</UniqueIdentifier>
    </Filter>
    <Filter Include="Source Files\utils">
      <UniqueIdentifier>{b299a6fd-bbad-4446-87f2-5bb05a3d6102}</UniqueIdentifier>
    </Filter>
    <Filter Include="Header Files\scene">
      <UniqueIdentifier>{87059dff-7f1f-49f2-a524-5af2af338b74}</UniqueIdentifier>
    </Filter>
    <Filter Include="Source Files\scene">
      <UniqueIdentifier>{3906485b-e17c-438b-9614-cf9dd92a91e7}</UniqueIdentifier>
    </Filter>
  </ItemGroup>
  <ItemGroup>
    <ClCompile Include="main.cpp">
      <Filter>Source Files</Filter>
    </ClCompile>
    <ClCompile Include="utils\framework.cpp">
      <Filter>Source Files\utils</Filter>
    </ClCompile>
    <ClCompile Include="utils\shadermanager.cpp">
      <Filter>Source Files\utils</Filter>
    </ClCompile>
    <ClCompile Include="utils\shader.cpp">
      <Filter>Source Files\utils</Filter>
    </ClCompile>
    <ClCompile Include="utils\matrix.cpp">
      <Filter>Source Files\utils</Filter>
    </ClCompile>
    <ClCompile Include="scene\cube.cpp">
      <Filter>Source Files\scene</Filter>
    </ClCompile>
    <ClCompile Include="scene\terrain.cpp">
      <Filter>Source Files\scene</Filter>
    </ClCompile>
    <ClCompile Include="utils\deviceinfo.cpp">
      <Filter>Source Files\utils</Filter>
    </ClCompile>
    <ClCompile Include="scene\bbox.cpp">
      <Filter>Source Files\scene</Filter>
    </ClCompile>
    <ClCompile Include="scene\line.cpp">
      <Filter>Source Files\scene</Filter>
    </ClCompile>
    <ClCompile Include="module.cpp">
      <Filter>Source Files</Filter>
    </ClCompile>
    <ClCompile Include="scene\color.cpp">
      <Filter>Source Files\scene</Filter>
    </ClCompile>
    <ClCompile Include="scene.cpp">
      <Filter>Source Files</Filter>
    </ClCompile>
    <ClCompile Include="utils\renderdevice.cpp">
      <Filter>Source Files\utils</Filter>
    </ClCompile>
    <ClCompile Include="scene\node.cpp">
      <Filter>Source Files\scene</Filter>
    </ClCompile>
  </ItemGroup>
  <ItemGroup>
    <ClInclude Include="utils\framework.h">
      <Filter>Header Files\utils</Filter>
    </ClInclude>
    <ClInclude Include="utils\shadermanager.h">
      <Filter>Header Files\utils</Filter>
    </ClInclude>
    <ClInclude Include="utils\shader.h">
      <Filter>Header Files\utils</Filter>
    </ClInclude>
    <ClInclude Include="utils\matrix.h">
      <Filter>Header Files\utils</Filter>
    </ClInclude>
    <ClInclude Include="scene\cube.h">
      <Filter>Header Files\scene</Filter>
    </ClInclude>
    <ClInclude Include="scene\terrain.h">
      <Filter>Header Files\scene</Filter>
    </ClInclude>
    <ClInclude Include="utils\deviceinfo.h">
      <Filter>Header Files\utils</Filter>
    </ClInclude>
    <ClInclude Include="scene\bbox.h">
      <Filter>Header Files\scene</Filter>
    </ClInclude>
    <ClInclude Include="scene\line.h">
      <Filter>Header Files\scene</Filter>
    </ClInclude>
    <ClInclude Include="module.h">
      <Filter>Header Files</Filter>
    </ClInclude>
    <ClInclude Include="scene\color.h">
      <Filter>Header Files\scene</Filter>
    </ClInclude>
    <ClInclude Include="scene\node.h">
      <Filter>Header Files\scene</Filter>
    </ClInclude>
    <ClInclude Include="scene.h">
      <Filter>Header Files</Filter>
    </ClInclude>
    <ClInclude Include="utils\renderdevice.h">
      <Filter>Header Files\utils</Filter>
    </ClInclude>
    <ClInclude Include="global.h">
      <Filter>Header Files</Filter>
    </ClInclude>
    <ClInclude Include="renderaction.h">
      <Filter>Header Files</Filter>
    </ClInclude>
  </ItemGroup>
</Project>