<?xml version="1.0" encoding="utf-8"?>
<Project ToolsVersion="4.0" xmlns="http://schemas.microsoft.com/developer/msbuild/2003">
  <ItemGroup>
    <Filter Include="graphics">
      <UniqueIdentifier>{36EF08BC-22BC-63C7-4BD5-516F37019955}</UniqueIdentifier>
    </Filter>
    <Filter Include="scene">
      <UniqueIdentifier>{D3075810-3F1C-80C1-089E-232174717CF2}</UniqueIdentifier>
    </Filter>
    <Filter Include="utils">
      <UniqueIdentifier>{169C8510-82B0-ADC1-4B32-5121B705AAF2}</UniqueIdentifier>
    </Filter>
  </ItemGroup>
  <ItemGroup>
    <ClInclude Include="..\stark3d\engine.h" />
    <ClInclude Include="..\stark3d\global.h" />
    <ClInclude Include="..\stark3d\graphics\program.h">
      <Filter>graphics</Filter>
    </ClInclude>
    <ClInclude Include="..\stark3d\graphics\shader.h">
      <Filter>graphics</Filter>
    </ClInclude>
    <ClInclude Include="..\stark3d\graphics\texture.h">
      <Filter>graphics</Filter>
    </ClInclude>
    <ClInclude Include="..\stark3d\scene\camera.h">
      <Filter>scene</Filter>
    </ClInclude>
    <ClInclude Include="..\stark3d\scene\component.h">
      <Filter>scene</Filter>
    </ClInclude>
    <ClInclude Include="..\stark3d\scene\entity.h">
      <Filter>scene</Filter>
    </ClInclude>
    <ClInclude Include="..\stark3d\scene\material.h">
      <Filter>scene</Filter>
    </ClInclude>
    <ClInclude Include="..\stark3d\scene\mesh.h">
      <Filter>scene</Filter>
    </ClInclude>
    <ClInclude Include="..\stark3d\scene\meshrenderer.h">
      <Filter>scene</Filter>
    </ClInclude>
    <ClInclude Include="..\stark3d\scene\object.h">
      <Filter>scene</Filter>
    </ClInclude>
    <ClInclude Include="..\stark3d\scene\renderer.h">
      <Filter>scene</Filter>
    </ClInclude>
    <ClInclude Include="..\stark3d\scene\scene.h">
      <Filter>scene</Filter>
    </ClInclude>
    <ClInclude Include="..\stark3d\scene\transform.h">
      <Filter>scene</Filter>
    </ClInclude>
    <ClInclude Include="..\stark3d\stark3d.h" />
    <ClInclude Include="..\stark3d\utils\data.h">
      <Filter>utils</Filter>
    </ClInclude>
    <ClInclude Include="..\stark3d\utils\fileutils.h">
      <Filter>utils</Filter>
    </ClInclude>
    <ClInclude Include="..\stark3d\utils\math.h">
      <Filter>utils</Filter>
    </ClInclude>
  </ItemGroup>
  <ItemGroup>
    <ClCompile Include="..\stark3d\engine.cpp" />
    <ClCompile Include="..\stark3d\graphics\program.cpp">
      <Filter>graphics</Filter>
    </ClCompile>
    <ClCompile Include="..\stark3d\graphics\shader.cpp">
      <Filter>graphics</Filter>
    </ClCompile>
    <ClCompile Include="..\stark3d\graphics\texture.cpp">
      <Filter>graphics</Filter>
    </ClCompile>
    <ClCompile Include="..\stark3d\scene\camera.cpp">
      <Filter>scene</Filter>
    </ClCompile>
    <ClCompile Include="..\stark3d\scene\component.cpp">
      <Filter>scene</Filter>
    </ClCompile>
    <ClCompile Include="..\stark3d\scene\entity.cpp">
      <Filter>scene</Filter>
    </ClCompile>
    <ClCompile Include="..\stark3d\scene\material.cpp">
      <Filter>scene</Filter>
    </ClCompile>
    <ClCompile Include="..\stark3d\scene\mesh.cpp">
      <Filter>scene</Filter>
    </ClCompile>
    <ClCompile Include="..\stark3d\scene\meshrenderer.cpp">
      <Filter>scene</Filter>
    </ClCompile>
    <ClCompile Include="..\stark3d\scene\renderer.cpp">
      <Filter>scene</Filter>
    </ClCompile>
    <ClCompile Include="..\stark3d\scene\scene.cpp">
      <Filter>scene</Filter>
    </ClCompile>
    <ClCompile Include="..\stark3d\scene\transform.cpp">
      <Filter>scene</Filter>
    </ClCompile>
    <ClCompile Include="..\stark3d\utils\data.cpp">
      <Filter>utils</Filter>
    </ClCompile>
    <ClCompile Include="..\stark3d\utils\fileutils.cpp">
      <Filter>utils</Filter>
    </ClCompile>
  </ItemGroup>
</Project>